<Solution>
  <Project Path="src/Concertable.Payment.Hosting/Concertable.Payment.Hosting.csproj" />
  <Project Path="src/Concertable.Payment.TestKit/Concertable.Payment.TestKit.csproj" />
  <Project Path="src/Concertable.Payment.Api/Concertable.Payment.Api.csproj" />
  <Project Path="src/Concertable.Payment.Client/Concertable.Payment.Client.csproj" />
  <Project Path="src/Concertable.Payment.Contracts/Concertable.Payment.Contracts.csproj" />
  <Project Path="src/Concertable.Payment.Application/Concertable.Payment.Application.csproj" />
  <Project Path="src/Concertable.Payment.Domain/Concertable.Payment.Domain.csproj" />
  <Project Path="src/Concertable.Payment.Infrastructure/Concertable.Payment.Infrastructure.csproj" />
  <Project Path="src/Concertable.Payment.Web/Concertable.Payment.Web.csproj" />
  <Project Path="src/Concertable.Payment.Workers/Concertable.Payment.Workers.csproj" />
  <Folder Name="/Tests/">
    <Project Path="tests/Concertable.Payment.ArchitectureTests/Concertable.Payment.ArchitectureTests.csproj" />
    <Project Path="tests/Concertable.Payment.E2EAdmin.IntegrationTests/Concertable.Payment.E2EAdmin.IntegrationTests.csproj" />
    <Project Path="tests/Concertable.Payment.IntegrationTests.Fixtures/Concertable.Payment.IntegrationTests.Fixtures.csproj" />
    <Project Path="tests/Concertable.Payment.IntegrationTests/Concertable.Payment.IntegrationTests.csproj" />
    <Project Path="tests/Concertable.Payment.UnitTests/Concertable.Payment.UnitTests.csproj" />
  </Folder>
  <Folder Name="/Tests/E2ETests/">
    <Project Path="tests/E2ETests/Concertable.Payment.E2ETests.Helpers/Concertable.Payment.E2ETests.Helpers.csproj" />
    <Project Path="tests/E2ETests/Concertable.Payment.E2ETests.Helpers.UnitTests/Concertable.Payment.E2ETests.Helpers.UnitTests.csproj" />
    <Project Path="tests/E2ETests/Concertable.Payment.E2ETests.Server/Concertable.Payment.E2ETests.Server.csproj" />
    <Project Path="tests/E2ETests/Concertable.Payment.E2ETests.Stripe/Concertable.Payment.E2ETests.Stripe.csproj" />
    <Project Path="tests/E2ETests/Concertable.Payment.E2ETests.Web/Concertable.Payment.E2ETests.Web.csproj" />
    <Project Path="tests/E2ETests/Concertable.Payment.E2ETests.Workers/Concertable.Payment.E2ETests.Workers.csproj" />
  </Folder>
</Solution>
